
Microsoft Visual Studio Solution File, Format Version 12.00
# Visual Studio Version 16
VisualStudioVersion = 16.0.31205.134
MinimumVisualStudioVersion = 10.0.40219.1
Project("{FAE04EC0-301F-11D3-BF4B-00C04F79EFBC}") = "Neal_Dialer", "Neal_Dialer\Neal_Dialer.csproj", "{B9D396DD-7FBE-45EC-A4BA-FE1541E68C99}"
EndProject
Global
	GlobalSection(SolutionConfigurationPlatforms) = preSolution
		Debug|Any CPU = Debug|Any CPU
		Release|Any CPU = Release|Any CPU
	EndGlobalSection
	GlobalSection(ProjectConfigurationPlatforms) = postSolution
		{B9D396DD-7FBE-45EC-A4BA-FE1541E68C99}.Debug|Any CPU.ActiveCfg = Debug|Any CPU
		{B9D396DD-7FBE-45EC-A4BA-FE1541E68C99}.Debug|Any CPU.Build.0 = Debug|Any CPU
		{B9D396DD-7FBE-45EC-A4BA-FE1541E68C99}.Release|Any CPU.ActiveCfg = Release|Any CPU
		{B9D396DD-7FBE-45EC-A4BA-FE1541E68C99}.Release|Any CPU.Build.0 = Release|Any CPU
	EndGlobalSection
	GlobalSection(SolutionProperties) = preSolution
		HideSolutionNode = FALSE
	EndGlobalSection
	GlobalSection(ExtensibilityGlobals) = postSolution
		SolutionGuid = {EAEF5991-3969-4DC4-9CEF-D81BB1DEF02F}
	EndGlobalSection
EndGlobal
